
Microsoft Visual Studio Solution File, Format Version 12.00
# Visual Studio Version 16
VisualStudioVersion = 16.0.31624.102
MinimumVisualStudioVersion = 10.0.40219.1
Project("{9A19103F-16F7-4668-BE54-9A1E7A4F7556}") = "WebApiWithGraph", "WebApiWithGraph\WebApiWithGraph.csproj", "{14537D2D-CF88-409A-B855-98672243AAD8}"
EndProject
Project("{FAE04EC0-301F-11D3-BF4B-00C04F79EFBC}") = "JsTreeMVCSample", "JsTreeMVCSample\JsTreeMVCSample.csproj", "{A71B8A8D-0F2B-4AE2-B3FB-2233E64BB74E}"
EndProject
Global
	GlobalSection(SolutionConfigurationPlatforms) = preSolution
		Debug|Any CPU = Debug|Any CPU
		Release|Any CPU = Release|Any CPU
	EndGlobalSection
	GlobalSection(ProjectConfigurationPlatforms) = postSolution
		{14537D2D-CF88-409A-B855-98672243AAD8}.Debug|Any CPU.ActiveCfg = Debug|Any CPU
		{14537D2D-CF88-409A-B855-98672243AAD8}.Debug|Any CPU.Build.0 = Debug|Any CPU
		{14537D2D-CF88-409A-B855-98672243AAD8}.Release|Any CPU.ActiveCfg = Release|Any CPU
		{14537D2D-CF88-409A-B855-98672243AAD8}.Release|Any CPU.Build.0 = Release|Any CPU
		{A71B8A8D-0F2B-4AE2-B3FB-2233E64BB74E}.Debug|Any CPU.ActiveCfg = Debug|Any CPU
		{A71B8A8D-0F2B-4AE2-B3FB-2233E64BB74E}.Debug|Any CPU.Build.0 = Debug|Any CPU
		{A71B8A8D-0F2B-4AE2-B3FB-2233E64BB74E}.Release|Any CPU.ActiveCfg = Release|Any CPU
		{A71B8A8D-0F2B-4AE2-B3FB-2233E64BB74E}.Release|Any CPU.Build.0 = Release|Any CPU
	EndGlobalSection
	GlobalSection(SolutionProperties) = preSolution
		HideSolutionNode = FALSE
	EndGlobalSection
	GlobalSection(ExtensibilityGlobals) = postSolution
		SolutionGuid = {CFBAAEA8-4293-41B2-8698-17B9619AFC18}
	EndGlobalSection
EndGlobal
